// !$*UTF8*$!
{
	archiveVersion = 1;
	classes = {
	};
	objectVersion = 51;
	objects = {

/* Begin PBXBuildFile section */
		016F2BE3237DB3C000FA6339 /* PlayVideoVC.swift in Sources */ = {isa = PBXBuildFile; fileRef = 016F2BE2237DB3C000FA6339 /* PlayVideoVC.swift */; };
		016F2BE5237E644900FA6339 /* API_Constants.swift in Sources */ = {isa = PBXBuildFile; fileRef = 016F2BE4237E644900FA6339 /* API_Constants.swift */; };
		01A261C923708C96005C6445 /* MovieDetailsVC.swift in Sources */ = {isa = PBXBuildFile; fileRef = 01A261C823708C96005C6445 /* MovieDetailsVC.swift */; };
		01F68C9E236AC89A003AA3AE /* AppDelegate.swift in Sources */ = {isa = PBXBuildFile; fileRef = 01F68C9D236AC89A003AA3AE /* AppDelegate.swift */; };
		01F68CA0236AC89A003AA3AE /* SceneDelegate.swift in Sources */ = {isa = PBXBuildFile; fileRef = 01F68C9F236AC89A003AA3AE /* SceneDelegate.swift */; };
		01F68CA2236AC89A003AA3AE /* ViewController.swift in Sources */ = {isa = PBXBuildFile; fileRef = 01F68CA1236AC89A003AA3AE /* ViewController.swift */; };
		01F68CA5236AC89A003AA3AE /* Main.storyboard in Resources */ = {isa = PBXBuildFile; fileRef = 01F68CA3236AC89A003AA3AE /* Main.storyboard */; };
		01F68CA8236AC89A003AA3AE /* Moviesta.xcdatamodeld in Sources */ = {isa = PBXBuildFile; fileRef = 01F68CA6236AC89A003AA3AE /* Moviesta.xcdatamodeld */; };
		01F68CAA236AC89B003AA3AE /* Assets.xcassets in Resources */ = {isa = PBXBuildFile; fileRef = 01F68CA9236AC89B003AA3AE /* Assets.xcassets */; };
		01F68CAD236AC89B003AA3AE /* LaunchScreen.storyboard in Resources */ = {isa = PBXBuildFile; fileRef = 01F68CAB236AC89B003AA3AE /* LaunchScreen.storyboard */; };
		01F68CB8236AC89B003AA3AE /* MoviestaTests.swift in Sources */ = {isa = PBXBuildFile; fileRef = 01F68CB7236AC89B003AA3AE /* MoviestaTests.swift */; };
		01F68CC3236AC89C003AA3AE /* MoviestaUITests.swift in Sources */ = {isa = PBXBuildFile; fileRef = 01F68CC2236AC89C003AA3AE /* MoviestaUITests.swift */; };
		01F68CD3236BF39A003AA3AE /* MoviesCollectionViewCell.swift in Sources */ = {isa = PBXBuildFile; fileRef = 01F68CD2236BF39A003AA3AE /* MoviesCollectionViewCell.swift */; };
		01F68CD5236BF3BC003AA3AE /* PopularMoviesViewController.swift in Sources */ = {isa = PBXBuildFile; fileRef = 01F68CD4236BF3BC003AA3AE /* PopularMoviesViewController.swift */; };
		01F68CD7236BF96B003AA3AE /* RestManager.swift in Sources */ = {isa = PBXBuildFile; fileRef = 01F68CD6236BF96B003AA3AE /* RestManager.swift */; };
		01F68CD9236C285C003AA3AE /* MovieDetailViewController.swift in Sources */ = {isa = PBXBuildFile; fileRef = 01F68CD8236C285C003AA3AE /* MovieDetailViewController.swift */; };
		042AA621A5B3A6CE2637453D /* Pods_MoviestaTests.framework in Frameworks */ = {isa = PBXBuildFile; fileRef = 40352B51E00662E8F7C1ED23 /* Pods_MoviestaTests.framework */; };
		2F5A5E38B6B9E0F6B7360738 /* Pods_Moviesta.framework in Frameworks */ = {isa = PBXBuildFile; fileRef = C62ADACD0578A520C2D363CD /* Pods_Moviesta.framework */; };
		86BB2A83A586660A632C901B /* Pods_Moviesta_MoviestaUITests.framework in Frameworks */ = {isa = PBXBuildFile; fileRef = A02B4D564F1BD6D351859929 /* Pods_Moviesta_MoviestaUITests.framework */; };
/* End PBXBuildFile section */

/* Begin PBXContainerItemProxy section */
		01F68CB4236AC89B003AA3AE /* PBXContainerItemProxy */ = {
			isa = PBXContainerItemProxy;
			containerPortal = 01F68C92236AC89A003AA3AE /* Project object */;
			proxyType = 1;
			remoteGlobalIDString = 01F68C99236AC89A003AA3AE;
			remoteInfo = Moviesta;
		};
		01F68CBF236AC89B003AA3AE /* PBXContainerItemProxy */ = {
			isa = PBXContainerItemProxy;
			containerPortal = 01F68C92236AC89A003AA3AE /* Project object */;
			proxyType = 1;
			remoteGlobalIDString = 01F68C99236AC89A003AA3AE;
			remoteInfo = Moviesta;
		};
/* End PBXContainerItemProxy section */

/* Begin PBXFileReference section */
		016F2BE2237DB3C000FA6339 /* PlayVideoVC.swift */ = {isa = PBXFileReference; lastKnownFileType = sourcecode.swift; path = PlayVideoVC.swift; sourceTree = "<group>"; };
		016F2BE4237E644900FA6339 /* API_Constants.swift */ = {isa = PBXFileReference; lastKnownFileType = sourcecode.swift; path = API_Constants.swift; sourceTree = "<group>"; };
		01A261C823708C96005C6445 /* MovieDetailsVC.swift */ = {isa = PBXFileReference; lastKnownFileType = sourcecode.swift; path = MovieDetailsVC.swift; sourceTree = "<group>"; };
		01F68C9A236AC89A003AA3AE /* Moviesta.app */ = {isa = PBXFileReference; explicitFileType = wrapper.application; includeInIndex = 0; path = Moviesta.app; sourceTree = BUILT_PRODUCTS_DIR; };
		01F68C9D236AC89A003AA3AE /* AppDelegate.swift */ = {isa = PBXFileReference; lastKnownFileType = sourcecode.swift; path = AppDelegate.swift; sourceTree = "<group>"; };
		01F68C9F236AC89A003AA3AE /* SceneDelegate.swift */ = {isa = PBXFileReference; lastKnownFileType = sourcecode.swift; path = SceneDelegate.swift; sourceTree = "<group>"; };
		01F68CA1236AC89A003AA3AE /* ViewController.swift */ = {isa = PBXFileReference; lastKnownFileType = sourcecode.swift; path = ViewController.swift; sourceTree = "<group>"; };
		01F68CA4236AC89A003AA3AE /* Base */ = {isa = PBXFileReference; lastKnownFileType = file.storyboard; name = Base; path = Base.lproj/Main.storyboard; sourceTree = "<group>"; };
		01F68CA7236AC89A003AA3AE /* Moviesta.xcdatamodel */ = {isa = PBXFileReference; lastKnownFileType = wrapper.xcdatamodel; path = Moviesta.xcdatamodel; sourceTree = "<group>"; };
		01F68CA9236AC89B003AA3AE /* Assets.xcassets */ = {isa = PBXFileReference; lastKnownFileType = folder.assetcatalog; path = Assets.xcassets; sourceTree = "<group>"; };
		01F68CAC236AC89B003AA3AE /* Base */ = {isa = PBXFileReference; lastKnownFileType = file.storyboard; name = Base; path = Base.lproj/LaunchScreen.storyboard; sourceTree = "<group>"; };
		01F68CAE236AC89B003AA3AE /* Info.plist */ = {isa = PBXFileReference; lastKnownFileType = text.plist.xml; path = Info.plist; sourceTree = "<group>"; };
		01F68CB3236AC89B003AA3AE /* MoviestaTests.xctest */ = {isa = PBXFileReference; explicitFileType = wrapper.cfbundle; includeInIndex = 0; path = MoviestaTests.xctest; sourceTree = BUILT_PRODUCTS_DIR; };
		01F68CB7236AC89B003AA3AE /* MoviestaTests.swift */ = {isa = PBXFileReference; lastKnownFileType = sourcecode.swift; path = MoviestaTests.swift; sourceTree = "<group>"; };
		01F68CB9236AC89B003AA3AE /* Info.plist */ = {isa = PBXFileReference; lastKnownFileType = text.plist.xml; path = Info.plist; sourceTree = "<group>"; };
		01F68CBE236AC89B003AA3AE /* MoviestaUITests.xctest */ = {isa = PBXFileReference; explicitFileType = wrapper.cfbundle; includeInIndex = 0; path = MoviestaUITests.xctest; sourceTree = BUILT_PRODUCTS_DIR; };
		01F68CC2236AC89C003AA3AE /* MoviestaUITests.swift */ = {isa = PBXFileReference; lastKnownFileType = sourcecode.swift; path = MoviestaUITests.swift; sourceTree = "<group>"; };
		01F68CC4236AC89C003AA3AE /* Info.plist */ = {isa = PBXFileReference; lastKnownFileType = text.plist.xml; path = Info.plist; sourceTree = "<group>"; };
		01F68CD2236BF39A003AA3AE /* MoviesCollectionViewCell.swift */ = {isa = PBXFileReference; lastKnownFileType = sourcecode.swift; path = MoviesCollectionViewCell.swift; sourceTree = "<group>"; };
		01F68CD4236BF3BC003AA3AE /* PopularMoviesViewController.swift */ = {isa = PBXFileReference; lastKnownFileType = sourcecode.swift; path = PopularMoviesViewController.swift; sourceTree = "<group>"; };
		01F68CD6236BF96B003AA3AE /* RestManager.swift */ = {isa = PBXFileReference; fileEncoding = 4; lastKnownFileType = sourcecode.swift; path = RestManager.swift; sourceTree = "<group>"; };
		01F68CD8236C285C003AA3AE /* MovieDetailViewController.swift */ = {isa = PBXFileReference; lastKnownFileType = sourcecode.swift; path = MovieDetailViewController.swift; sourceTree = "<group>"; };
		26C7C33D7FB3F10D6960ED87 /* Pods-Moviesta-MoviestaUITests.release.xcconfig */ = {isa = PBXFileReference; includeInIndex = 1; lastKnownFileType = text.xcconfig; name = "Pods-Moviesta-MoviestaUITests.release.xcconfig"; path = "Target Support Files/Pods-Moviesta-MoviestaUITests/Pods-Moviesta-MoviestaUITests.release.xcconfig"; sourceTree = "<group>"; };
		2987855F26631B310353DF4C /* Pods-MoviestaTests.release.xcconfig */ = {isa = PBXFileReference; includeInIndex = 1; lastKnownFileType = text.xcconfig; name = "Pods-MoviestaTests.release.xcconfig"; path = "Target Support Files/Pods-MoviestaTests/Pods-MoviestaTests.release.xcconfig"; sourceTree = "<group>"; };
		2B58BE73000F8299B52E6385 /* Pods-MoviestaTests.debug.xcconfig */ = {isa = PBXFileReference; includeInIndex = 1; lastKnownFileType = text.xcconfig; name = "Pods-MoviestaTests.debug.xcconfig"; path = "Target Support Files/Pods-MoviestaTests/Pods-MoviestaTests.debug.xcconfig"; sourceTree = "<group>"; };
		40352B51E00662E8F7C1ED23 /* Pods_MoviestaTests.framework */ = {isa = PBXFileReference; explicitFileType = wrapper.framework; includeInIndex = 0; path = Pods_MoviestaTests.framework; sourceTree = BUILT_PRODUCTS_DIR; };
		4A121A35E8BF1DA2F28C8924 /* Pods-Moviesta-MoviestaUITests.debug.xcconfig */ = {isa = PBXFileReference; includeInIndex = 1; lastKnownFileType = text.xcconfig; name = "Pods-Moviesta-MoviestaUITests.debug.xcconfig"; path = "Target Support Files/Pods-Moviesta-MoviestaUITests/Pods-Moviesta-MoviestaUITests.debug.xcconfig"; sourceTree = "<group>"; };
		851BE6942CF33174AA5A95F1 /* Pods-Moviesta.debug.xcconfig */ = {isa = PBXFileReference; includeInIndex = 1; lastKnownFileType = text.xcconfig; name = "Pods-Moviesta.debug.xcconfig"; path = "Target Support Files/Pods-Moviesta/Pods-Moviesta.debug.xcconfig"; sourceTree = "<group>"; };
		A02B4D564F1BD6D351859929 /* Pods_Moviesta_MoviestaUITests.framework */ = {isa = PBXFileReference; explicitFileType = wrapper.framework; includeInIndex = 0; path = Pods_Moviesta_MoviestaUITests.framework; sourceTree = BUILT_PRODUCTS_DIR; };
		C62ADACD0578A520C2D363CD /* Pods_Moviesta.framework */ = {isa = PBXFileReference; explicitFileType = wrapper.framework; includeInIndex = 0; path = Pods_Moviesta.framework; sourceTree = BUILT_PRODUCTS_DIR; };
		E5AA7B6A470295F672E8FAB4 /* Pods-Moviesta.release.xcconfig */ = {isa = PBXFileReference; includeInIndex = 1; lastKnownFileType = text.xcconfig; name = "Pods-Moviesta.release.xcconfig"; path = "Target Support Files/Pods-Moviesta/Pods-Moviesta.release.xcconfig"; sourceTree = "<group>"; };
/* End PBXFileReference section */

/* Begin PBXFrameworksBuildPhase section */
		01F68C97236AC89A003AA3AE /* Frameworks */ = {
			isa = PBXFrameworksBuildPhase;
			buildActionMask = 2147483647;
			files = (
				2F5A5E38B6B9E0F6B7360738 /* Pods_Moviesta.framework in Frameworks */,
			);
			runOnlyForDeploymentPostprocessing = 0;
		};
		01F68CB0236AC89B003AA3AE /* Frameworks */ = {
			isa = PBXFrameworksBuildPhase;
			buildActionMask = 2147483647;
			files = (
				042AA621A5B3A6CE2637453D /* Pods_MoviestaTests.framework in Frameworks */,
			);
			runOnlyForDeploymentPostprocessing = 0;
		};
		01F68CBB236AC89B003AA3AE /* Frameworks */ = {
			isa = PBXFrameworksBuildPhase;
			buildActionMask = 2147483647;
			files = (
				86BB2A83A586660A632C901B /* Pods_Moviesta_MoviestaUITests.framework in Frameworks */,
			);
			runOnlyForDeploymentPostprocessing = 0;
		};
/* End PBXFrameworksBuildPhase section */

/* Begin PBXGroup section */
		01F68C91236AC89A003AA3AE = {
			isa = PBXGroup;
			children = (
				01F68C9C236AC89A003AA3AE /* Moviesta */,
				01F68CB6236AC89B003AA3AE /* MoviestaTests */,
				01F68CC1236AC89C003AA3AE /* MoviestaUITests */,
				01F68C9B236AC89A003AA3AE /* Products */,
				4277C69C044B77E990C4C8A3 /* Pods */,
				8CD1E6F90588C425767B3E1C /* Frameworks */,
			);
			sourceTree = "<group>";
		};
		01F68C9B236AC89A003AA3AE /* Products */ = {
			isa = PBXGroup;
			children = (
				01F68C9A236AC89A003AA3AE /* Moviesta.app */,
				01F68CB3236AC89B003AA3AE /* MoviestaTests.xctest */,
				01F68CBE236AC89B003AA3AE /* MoviestaUITests.xctest */,
			);
			name = Products;
			sourceTree = "<group>";
		};
		01F68C9C236AC89A003AA3AE /* Moviesta */ = {
			isa = PBXGroup;
			children = (
				01F68CD6236BF96B003AA3AE /* RestManager.swift */,
				01F68CD0236AC95D003AA3AE /* ViewControllers */,
				01F68C9D236AC89A003AA3AE /* AppDelegate.swift */,
				01F68C9F236AC89A003AA3AE /* SceneDelegate.swift */,
				01F68CA1236AC89A003AA3AE /* ViewController.swift */,
				01F68CA3236AC89A003AA3AE /* Main.storyboard */,
				01F68CA9236AC89B003AA3AE /* Assets.xcassets */,
				01F68CAB236AC89B003AA3AE /* LaunchScreen.storyboard */,
				01F68CAE236AC89B003AA3AE /* Info.plist */,
				01F68CA6236AC89A003AA3AE /* Moviesta.xcdatamodeld */,
				016F2BE4237E644900FA6339 /* API_Constants.swift */,
			);
			path = Moviesta;
			sourceTree = "<group>";
		};
		01F68CB6236AC89B003AA3AE /* MoviestaTests */ = {
			isa = PBXGroup;
			children = (
				01F68CB7236AC89B003AA3AE /* MoviestaTests.swift */,
				01F68CB9236AC89B003AA3AE /* Info.plist */,
			);
			path = MoviestaTests;
			sourceTree = "<group>";
		};
		01F68CC1236AC89C003AA3AE /* MoviestaUITests */ = {
			isa = PBXGroup;
			children = (
				01F68CC2236AC89C003AA3AE /* MoviestaUITests.swift */,
				01F68CC4236AC89C003AA3AE /* Info.plist */,
			);
			path = MoviestaUITests;
			sourceTree = "<group>";
		};
		01F68CD0236AC95D003AA3AE /* ViewControllers */ = {
			isa = PBXGroup;
			children = (
				01F68CD1236AC973003AA3AE /* Movies */,
				016F2BE2237DB3C000FA6339 /* PlayVideoVC.swift */,
			);
			path = ViewControllers;
			sourceTree = "<group>";
		};
		01F68CD1236AC973003AA3AE /* Movies */ = {
			isa = PBXGroup;
			children = (
				01F68CD4236BF3BC003AA3AE /* PopularMoviesViewController.swift */,
				01F68CD2236BF39A003AA3AE /* MoviesCollectionViewCell.swift */,
				01F68CD8236C285C003AA3AE /* MovieDetailViewController.swift */,
				01A261C823708C96005C6445 /* MovieDetailsVC.swift */,
			);
			path = Movies;
			sourceTree = "<group>";
		};
		4277C69C044B77E990C4C8A3 /* Pods */ = {
			isa = PBXGroup;
			children = (
				851BE6942CF33174AA5A95F1 /* Pods-Moviesta.debug.xcconfig */,
				E5AA7B6A470295F672E8FAB4 /* Pods-Moviesta.release.xcconfig */,
				4A121A35E8BF1DA2F28C8924 /* Pods-Moviesta-MoviestaUITests.debug.xcconfig */,
				26C7C33D7FB3F10D6960ED87 /* Pods-Moviesta-MoviestaUITests.release.xcconfig */,
				2B58BE73000F8299B52E6385 /* Pods-MoviestaTests.debug.xcconfig */,
				2987855F26631B310353DF4C /* Pods-MoviestaTests.release.xcconfig */,
			);
			path = Pods;
			sourceTree = "<group>";
		};
		8CD1E6F90588C425767B3E1C /* Frameworks */ = {
			isa = PBXGroup;
			children = (
				C62ADACD0578A520C2D363CD /* Pods_Moviesta.framework */,
				A02B4D564F1BD6D351859929 /* Pods_Moviesta_MoviestaUITests.framework */,
				40352B51E00662E8F7C1ED23 /* Pods_MoviestaTests.framework */,
			);
			name = Frameworks;
			sourceTree = "<group>";
		};
/* End PBXGroup section */

/* Begin PBXNativeTarget section */
		01F68C99236AC89A003AA3AE /* Moviesta */ = {
			isa = PBXNativeTarget;
			buildConfigurationList = 01F68CC7236AC89C003AA3AE /* Build configuration list for PBXNativeTarget "Moviesta" */;
			buildPhases = (
				95E2F08C86B56AA2CAEB70E0 /* [CP] Check Pods Manifest.lock */,
				01F68C96236AC89A003AA3AE /* Sources */,
				01F68C97236AC89A003AA3AE /* Frameworks */,
				01F68C98236AC89A003AA3AE /* Resources */,
				FB03A860448B298ECF469904 /* [CP] Embed Pods Frameworks */,
			);
			buildRules = (
			);
			dependencies = (
			);
			name = Moviesta;
			productName = Moviesta;
			productReference = 01F68C9A236AC89A003AA3AE /* Moviesta.app */;
			productType = "com.apple.product-type.application";
		};
		01F68CB2236AC89B003AA3AE /* MoviestaTests */ = {
			isa = PBXNativeTarget;
			buildConfigurationList = 01F68CCA236AC89C003AA3AE /* Build configuration list for PBXNativeTarget "MoviestaTests" */;
			buildPhases = (
				AE39DD2EBFFE4559E7EFE655 /* [CP] Check Pods Manifest.lock */,
				01F68CAF236AC89B003AA3AE /* Sources */,
				01F68CB0236AC89B003AA3AE /* Frameworks */,
				01F68CB1236AC89B003AA3AE /* Resources */,
			);
			buildRules = (
			);
			dependencies = (
				01F68CB5236AC89B003AA3AE /* PBXTargetDependency */,
			);
			name = MoviestaTests;
			productName = MoviestaTests;
			productReference = 01F68CB3236AC89B003AA3AE /* MoviestaTests.xctest */;
			productType = "com.apple.product-type.bundle.unit-test";
		};
		01F68CBD236AC89B003AA3AE /* MoviestaUITests */ = {
			isa = PBXNativeTarget;
			buildConfigurationList = 01F68CCD236AC89C003AA3AE /* Build configuration list for PBXNativeTarget "MoviestaUITests" */;
			buildPhases = (
				5D54A23A68D842A5B31A7DE3 /* [CP] Check Pods Manifest.lock */,
				01F68CBA236AC89B003AA3AE /* Sources */,
				01F68CBB236AC89B003AA3AE /* Frameworks */,
				01F68CBC236AC89B003AA3AE /* Resources */,
				E748B91AE1CDB0CA149DAA42 /* [CP] Embed Pods Frameworks */,
			);
			buildRules = (
			);
			dependencies = (
				01F68CC0236AC89B003AA3AE /* PBXTargetDependency */,
			);
			name = MoviestaUITests;
			productName = MoviestaUITests;
			productReference = 01F68CBE236AC89B003AA3AE /* MoviestaUITests.xctest */;
			productType = "com.apple.product-type.bundle.ui-testing";
		};
/* End PBXNativeTarget section */

/* Begin PBXProject section */
		01F68C92236AC89A003AA3AE /* Project object */ = {
			isa = PBXProject;
			attributes = {
				LastSwiftUpdateCheck = 1110;
				LastUpgradeCheck = 1110;
				ORGANIZATIONNAME = "Ridoan Wibisono";
				TargetAttributes = {
					01F68C99236AC89A003AA3AE = {
						CreatedOnToolsVersion = 11.1;
					};
					01F68CB2236AC89B003AA3AE = {
						CreatedOnToolsVersion = 11.1;
						TestTargetID = 01F68C99236AC89A003AA3AE;
					};
					01F68CBD236AC89B003AA3AE = {
						CreatedOnToolsVersion = 11.1;
						TestTargetID = 01F68C99236AC89A003AA3AE;
					};
				};
			};
			buildConfigurationList = 01F68C95236AC89A003AA3AE /* Build configuration list for PBXProject "Moviesta" */;
			compatibilityVersion = "Xcode 9.3";
			developmentRegion = en;
			hasScannedForEncodings = 0;
			knownRegions = (
				en,
				Base,
			);
			mainGroup = 01F68C91236AC89A003AA3AE;
			productRefGroup = 01F68C9B236AC89A003AA3AE /* Products */;
			projectDirPath = "";
			projectRoot = "";
			targets = (
				01F68C99236AC89A003AA3AE /* Moviesta */,
				01F68CB2236AC89B003AA3AE /* MoviestaTests */,
				01F68CBD236AC89B003AA3AE /* MoviestaUITests */,
			);
		};
/* End PBXProject section */

/* Begin PBXResourcesBuildPhase section */
		01F68C98236AC89A003AA3AE /* Resources */ = {
			isa = PBXResourcesBuildPhase;
			buildActionMask = 2147483647;
			files = (
				01F68CAD236AC89B003AA3AE /* LaunchScreen.storyboard in Resources */,
				01F68CAA236AC89B003AA3AE /* Assets.xcassets in Resources */,
				01F68CA5236AC89A003AA3AE /* Main.storyboard in Resources */,
			);
			runOnlyForDeploymentPostprocessing = 0;
		};
		01F68CB1236AC89B003AA3AE /* Resources */ = {
			isa = PBXResourcesBuildPhase;
			buildActionMask = 2147483647;
			files = (
			);
			runOnlyForDeploymentPostprocessing = 0;
		};
		01F68CBC236AC89B003AA3AE /* Resources */ = {
			isa = PBXResourcesBuildPhase;
			buildActionMask = 2147483647;
			files = (
			);
			runOnlyForDeploymentPostprocessing = 0;
		};
/* End PBXResourcesBuildPhase section */

/* Begin PBXShellScriptBuildPhase section */
		5D54A23A68D842A5B31A7DE3 /* [CP] Check Pods Manifest.lock */ = {
			isa = PBXShellScriptBuildPhase;
			buildActionMask = 2147483647;
			files = (
			);
			inputFileListPaths = (
			);
			inputPaths = (
				"${PODS_PODFILE_DIR_PATH}/Podfile.lock",
				"${PODS_ROOT}/Manifest.lock",
			);
			name = "[CP] Check Pods Manifest.lock";
			outputFileListPaths = (
			);
			outputPaths = (
				"$(DERIVED_FILE_DIR)/Pods-Moviesta-MoviestaUITests-checkManifestLockResult.txt",
			);
			runOnlyForDeploymentPostprocessing = 0;
			shellPath = /bin/sh;
			shellScript = "diff \"${PODS_PODFILE_DIR_PATH}/Podfile.lock\" \"${PODS_ROOT}/Manifest.lock\" > /dev/null\nif [ $? != 0 ] ; then\n    # print error to STDERR\n    echo \"error: The sandbox is not in sync with the Podfile.lock. Run 'pod install' or update your CocoaPods installation.\" >&2\n    exit 1\nfi\n# This output is used by Xcode 'outputs' to avoid re-running this script phase.\necho \"SUCCESS\" > \"${SCRIPT_OUTPUT_FILE_0}\"\n";
			showEnvVarsInLog = 0;
		};
		95E2F08C86B56AA2CAEB70E0 /* [CP] Check Pods Manifest.lock */ = {
			isa = PBXShellScriptBuildPhase;
			buildActionMask = 2147483647;
			files = (
			);
			inputFileListPaths = (
			);
			inputPaths = (
				"${PODS_PODFILE_DIR_PATH}/Podfile.lock",
				"${PODS_ROOT}/Manifest.lock",
			);
			name = "[CP] Check Pods Manifest.lock";
			outputFileListPaths = (
			);
			outputPaths = (
				"$(DERIVED_FILE_DIR)/Pods-Moviesta-checkManifestLockResult.txt",
			);
			runOnlyForDeploymentPostprocessing = 0;
			shellPath = /bin/sh;
			shellScript = "diff \"${PODS_PODFILE_DIR_PATH}/Podfile.lock\" \"${PODS_ROOT}/Manifest.lock\" > /dev/null\nif [ $? != 0 ] ; then\n    # print error to STDERR\n    echo \"error: The sandbox is not in sync with the Podfile.lock. Run 'pod install' or update your CocoaPods installation.\" >&2\n    exit 1\nfi\n# This output is used by Xcode 'outputs' to avoid re-running this script phase.\necho \"SUCCESS\" > \"${SCRIPT_OUTPUT_FILE_0}\"\n";
			showEnvVarsInLog = 0;
		};
		AE39DD2EBFFE4559E7EFE655 /* [CP] Check Pods Manifest.lock */ = {
			isa = PBXShellScriptBuildPhase;
			buildActionMask = 2147483647;
			files = (
			);
			inputFileListPaths = (
			);
			inputPaths = (
				"${PODS_PODFILE_DIR_PATH}/Podfile.lock",
				"${PODS_ROOT}/Manifest.lock",
			);
			name = "[CP] Check Pods Manifest.lock";
			outputFileListPaths = (
			);
			outputPaths = (
				"$(DERIVED_FILE_DIR)/Pods-MoviestaTests-checkManifestLockResult.txt",
			);
			runOnlyForDeploymentPostprocessing = 0;
			shellPath = /bin/sh;
			shellScript = "diff \"${PODS_PODFILE_DIR_PATH}/Podfile.lock\" \"${PODS_ROOT}/Manifest.lock\" > /dev/null\nif [ $? != 0 ] ; then\n    # print error to STDERR\n    echo \"error: The sandbox is not in sync with the Podfile.lock. Run 'pod install' or update your CocoaPods installation.\" >&2\n    exit 1\nfi\n# This output is used by Xcode 'outputs' to avoid re-running this script phase.\necho \"SUCCESS\" > \"${SCRIPT_OUTPUT_FILE_0}\"\n";
			showEnvVarsInLog = 0;
		};
		E748B91AE1CDB0CA149DAA42 /* [CP] Embed Pods Frameworks */ = {
			isa = PBXShellScriptBuildPhase;
			buildActionMask = 2147483647;
			files = (
			);
			inputFileListPaths = (
				"${PODS_ROOT}/Target Support Files/Pods-Moviesta-MoviestaUITests/Pods-Moviesta-MoviestaUITests-frameworks-${CONFIGURATION}-input-files.xcfilelist",
			);
			name = "[CP] Embed Pods Frameworks";
			outputFileListPaths = (
				"${PODS_ROOT}/Target Support Files/Pods-Moviesta-MoviestaUITests/Pods-Moviesta-MoviestaUITests-frameworks-${CONFIGURATION}-output-files.xcfilelist",
			);
			runOnlyForDeploymentPostprocessing = 0;
			shellPath = /bin/sh;
			shellScript = "\"${PODS_ROOT}/Target Support Files/Pods-Moviesta-MoviestaUITests/Pods-Moviesta-MoviestaUITests-frameworks.sh\"\n";
			showEnvVarsInLog = 0;
		};
		FB03A860448B298ECF469904 /* [CP] Embed Pods Frameworks */ = {
			isa = PBXShellScriptBuildPhase;
			buildActionMask = 2147483647;
			files = (
			);
			inputFileListPaths = (
				"${PODS_ROOT}/Target Support Files/Pods-Moviesta/Pods-Moviesta-frameworks-${CONFIGURATION}-input-files.xcfilelist",
			);
			name = "[CP] Embed Pods Frameworks";
			outputFileListPaths = (
				"${PODS_ROOT}/Target Support Files/Pods-Moviesta/Pods-Moviesta-frameworks-${CONFIGURATION}-output-files.xcfilelist",
			);
			runOnlyForDeploymentPostprocessing = 0;
			shellPath = /bin/sh;
			shellScript = "\"${PODS_ROOT}/Target Support Files/Pods-Moviesta/Pods-Moviesta-frameworks.sh\"\n";
			showEnvVarsInLog = 0;
		};
/* End PBXShellScriptBuildPhase section */

/* Begin PBXSourcesBuildPhase section */
		01F68C96236AC89A003AA3AE /* Sources */ = {
			isa = PBXSourcesBuildPhase;
			buildActionMask = 2147483647;
			files = (
				01F68CA2236AC89A003AA3AE /* ViewController.swift in Sources */,
				01F68CD5236BF3BC003AA3AE /* PopularMoviesViewController.swift in Sources */,
				01F68CA8236AC89A003AA3AE /* Moviesta.xcdatamodeld in Sources */,
				01F68CD7236BF96B003AA3AE /* RestManager.swift in Sources */,
				01F68CD9236C285C003AA3AE /* MovieDetailViewController.swift in Sources */,
				01A261C923708C96005C6445 /* MovieDetailsVC.swift in Sources */,
				01F68C9E236AC89A003AA3AE /* AppDelegate.swift in Sources */,
				01F68CA0236AC89A003AA3AE /* SceneDelegate.swift in Sources */,
				016F2BE3237DB3C000FA6339 /* PlayVideoVC.swift in Sources */,
				01F68CD3236BF39A003AA3AE /* MoviesCollectionViewCell.swift in Sources */,
				016F2BE5237E644900FA6339 /* API_Constants.swift in Sources */,
			);
			runOnlyForDeploymentPostprocessing = 0;
		};
		01F68CAF236AC89B003AA3AE /* Sources */ = {
			isa = PBXSourcesBuildPhase;
			buildActionMask = 2147483647;
			files = (
				01F68CB8236AC89B003AA3AE /* MoviestaTests.swift in Sources */,
			);
			runOnlyForDeploymentPostprocessing = 0;
		};
		01F68CBA236AC89B003AA3AE /* Sources */ = {
			isa = PBXSourcesBuildPhase;
			buildActionMask = 2147483647;
			files = (
				01F68CC3236AC89C003AA3AE /* MoviestaUITests.swift in Sources */,
			);
			runOnlyForDeploymentPostprocessing = 0;
		};
/* End PBXSourcesBuildPhase section */

/* Begin PBXTargetDependency section */
		01F68CB5236AC89B003AA3AE /* PBXTargetDependency */ = {
			isa = PBXTargetDependency;
			target = 01F68C99236AC89A003AA3AE /* Moviesta */;
			targetProxy = 01F68CB4236AC89B003AA3AE /* PBXContainerItemProxy */;
		};
		01F68CC0236AC89B003AA3AE /* PBXTargetDependency */ = {
			isa = PBXTargetDependency;
			target = 01F68C99236AC89A003AA3AE /* Moviesta */;
			targetProxy = 01F68CBF236AC89B003AA3AE /* PBXContainerItemProxy */;
		};
/* End PBXTargetDependency section */

/* Begin PBXVariantGroup section */
		01F68CA3236AC89A003AA3AE /* Main.storyboard */ = {
			isa = PBXVariantGroup;
			children = (
				01F68CA4236AC89A003AA3AE /* Base */,
			);
			name = Main.storyboard;
			sourceTree = "<group>";
		};
		01F68CAB236AC89B003AA3AE /* LaunchScreen.storyboard */ = {
			isa = PBXVariantGroup;
			children = (
				01F68CAC236AC89B003AA3AE /* Base */,
			);
			name = LaunchScreen.storyboard;
			sourceTree = "<group>";
		};
/* End PBXVariantGroup section */

/* Begin XCBuildConfiguration section */
		01F68CC5236AC89C003AA3AE /* Debug */ = {
			isa = XCBuildConfiguration;
			buildSettings = {
				ALWAYS_SEARCH_USER_PATHS = NO;
				CLANG_ANALYZER_NONNULL = YES;
				CLANG_ANALYZER_NUMBER_OBJECT_CONVERSION = YES_AGGRESSIVE;
				CLANG_CXX_LANGUAGE_STANDARD = "gnu++14";
				CLANG_CXX_LIBRARY = "libc++";
				CLANG_ENABLE_MODULES = YES;
				CLANG_ENABLE_OBJC_ARC = YES;
				CLANG_ENABLE_OBJC_WEAK = YES;
				CLANG_WARN_BLOCK_CAPTURE_AUTORELEASING = YES;
				CLANG_WARN_BOOL_CONVERSION = YES;
				CLANG_WARN_COMMA = YES;
				CLANG_WARN_CONSTANT_CONVERSION = YES;
				CLANG_WARN_DEPRECATED_OBJC_IMPLEMENTATIONS = YES;
				CLANG_WARN_DIRECT_OBJC_ISA_USAGE = YES_ERROR;
				CLANG_WARN_DOCUMENTATION_COMMENTS = YES;
				CLANG_WARN_EMPTY_BODY = YES;
				CLANG_WARN_ENUM_CONVERSION = YES;
				CLANG_WARN_INFINITE_RECURSION = YES;
				CLANG_WARN_INT_CONVERSION = YES;
				CLANG_WARN_NON_LITERAL_NULL_CONVERSION = YES;
				CLANG_WARN_OBJC_IMPLICIT_RETAIN_SELF = YES;
				CLANG_WARN_OBJC_LITERAL_CONVERSION = YES;
				CLANG_WARN_OBJC_ROOT_CLASS = YES_ERROR;
				CLANG_WARN_RANGE_LOOP_ANALYSIS = YES;
				CLANG_WARN_STRICT_PROTOTYPES = YES;
				CLANG_WARN_SUSPICIOUS_MOVE = YES;
				CLANG_WARN_UNGUARDED_AVAILABILITY = YES_AGGRESSIVE;
				CLANG_WARN_UNREACHABLE_CODE = YES;
				CLANG_WARN__DUPLICATE_METHOD_MATCH = YES;
				COPY_PHASE_STRIP = NO;
				DEBUG_INFORMATION_FORMAT = dwarf;
				ENABLE_STRICT_OBJC_MSGSEND = YES;
				ENABLE_TESTABILITY = YES;
				GCC_C_LANGUAGE_STANDARD = gnu11;
				GCC_DYNAMIC_NO_PIC = NO;
				GCC_NO_COMMON_BLOCKS = YES;
				GCC_OPTIMIZATION_LEVEL = 0;
				GCC_PREPROCESSOR_DEFINITIONS = (
					"DEBUG=1",
					"$(inherited)",
				);
				GCC_WARN_64_TO_32_BIT_CONVERSION = YES;
				GCC_WARN_ABOUT_RETURN_TYPE = YES_ERROR;
				GCC_WARN_UNDECLARED_SELECTOR = YES;
				GCC_WARN_UNINITIALIZED_AUTOS = YES_AGGRESSIVE;
				GCC_WARN_UNUSED_FUNCTION = YES;
				GCC_WARN_UNUSED_VARIABLE = YES;
				IPHONEOS_DEPLOYMENT_TARGET = 13.1;
				MTL_ENABLE_DEBUG_INFO = INCLUDE_SOURCE;
				MTL_FAST_MATH = YES;
				ONLY_ACTIVE_ARCH = YES;
				SDKROOT = iphoneos;
				SWIFT_ACTIVE_COMPILATION_CONDITIONS = DEBUG;
				SWIFT_OPTIMIZATION_LEVEL = "-Onone";
			};
			name = Debug;
		};
		01F68CC6236AC89C003AA3AE /* Release */ = {
			isa = XCBuildConfiguration;
			buildSettings = {
				ALWAYS_SEARCH_USER_PATHS = NO;
				CLANG_ANALYZER_NONNULL = YES;
				CLANG_ANALYZER_NUMBER_OBJECT_CONVERSION = YES_AGGRESSIVE;
				CLANG_CXX_LANGUAGE_STANDARD = "gnu++14";
				CLANG_CXX_LIBRARY = "libc++";
				CLANG_ENABLE_MODULES = YES;
				CLANG_ENABLE_OBJC_ARC = YES;
				CLANG_ENABLE_OBJC_WEAK = YES;
				CLANG_WARN_BLOCK_CAPTURE_AUTORELEASING = YES;
				CLANG_WARN_BOOL_CONVERSION = YES;
				CLANG_WARN_COMMA = YES;
				CLANG_WARN_CONSTANT_CONVERSION = YES;
				CLANG_WARN_DEPRECATED_OBJC_IMPLEMENTATIONS = YES;
				CLANG_WARN_DIRECT_OBJC_ISA_USAGE = YES_ERROR;
				CLANG_WARN_DOCUMENTATION_COMMENTS = YES;
				CLANG_WARN_EMPTY_BODY = YES;
				CLANG_WARN_ENUM_CONVERSION = YES;
				CLANG_WARN_INFINITE_RECURSION = YES;
				CLANG_WARN_INT_CONVERSION = YES;
				CLANG_WARN_NON_LITERAL_NULL_CONVERSION = YES;
				CLANG_WARN_OBJC_IMPLICIT_RETAIN_SELF = YES;
				CLANG_WARN_OBJC_LITERAL_CONVERSION = YES;
				CLANG_WARN_OBJC_ROOT_CLASS = YES_ERROR;
				CLANG_WARN_RANGE_LOOP_ANALYSIS = YES;
				CLANG_WARN_STRICT_PROTOTYPES = YES;
				CLANG_WARN_SUSPICIOUS_MOVE = YES;
				CLANG_WARN_UNGUARDED_AVAILABILITY = YES_AGGRESSIVE;
				CLANG_WARN_UNREACHABLE_CODE = YES;
				CLANG_WARN__DUPLICATE_METHOD_MATCH = YES;
				COPY_PHASE_STRIP = NO;
				DEBUG_INFORMATION_FORMAT = "dwarf-with-dsym";
				ENABLE_NS_ASSERTIONS = NO;
				ENABLE_STRICT_OBJC_MSGSEND = YES;
				GCC_C_LANGUAGE_STANDARD = gnu11;
				GCC_NO_COMMON_BLOCKS = YES;
				GCC_WARN_64_TO_32_BIT_CONVERSION = YES;
				GCC_WARN_ABOUT_RETURN_TYPE = YES_ERROR;
				GCC_WARN_UNDECLARED_SELECTOR = YES;
				GCC_WARN_UNINITIALIZED_AUTOS = YES_AGGRESSIVE;
				GCC_WARN_UNUSED_FUNCTION = YES;
				GCC_WARN_UNUSED_VARIABLE = YES;
				IPHONEOS_DEPLOYMENT_TARGET = 13.1;
				MTL_ENABLE_DEBUG_INFO = NO;
				MTL_FAST_MATH = YES;
				SDKROOT = iphoneos;
				SWIFT_COMPILATION_MODE = wholemodule;
				SWIFT_OPTIMIZATION_LEVEL = "-O";
				VALIDATE_PRODUCT = YES;
			};
			name = Release;
		};
		01F68CC8236AC89C003AA3AE /* Debug */ = {
			isa = XCBuildConfiguration;
			baseConfigurationReference = 851BE6942CF33174AA5A95F1 /* Pods-Moviesta.debug.xcconfig */;
			buildSettings = {
				ASSETCATALOG_COMPILER_APPICON_NAME = AppIcon;
				CODE_SIGN_STYLE = Automatic;
				DEVELOPMENT_TEAM = AE8YM33757;
				INFOPLIST_FILE = Moviesta/Info.plist;
				LD_RUNPATH_SEARCH_PATHS = (
					"$(inherited)",
					"@executable_path/Frameworks",
				);
				PRODUCT_BUNDLE_IDENTIFIER = com.ridoan.Moviesta;
				PRODUCT_NAME = "$(TARGET_NAME)";
				SWIFT_VERSION = 5.0;
				TARGETED_DEVICE_FAMILY = "1,2";
			};
			name = Debug;
		};
		01F68CC9236AC89C003AA3AE /* Release */ = {
			isa = XCBuildConfiguration;
			baseConfigurationReference = E5AA7B6A470295F672E8FAB4 /* Pods-Moviesta.release.xcconfig */;
			buildSettings = {
				ASSETCATALOG_COMPILER_APPICON_NAME = AppIcon;
				CODE_SIGN_STYLE = Automatic;
				DEVELOPMENT_TEAM = AE8YM33757;
				INFOPLIST_FILE = Moviesta/Info.plist;
				LD_RUNPATH_SEARCH_PATHS = (
					"$(inherited)",
					"@executable_path/Frameworks",
				);
				PRODUCT_BUNDLE_IDENTIFIER = com.ridoan.Moviesta;
				PRODUCT_NAME = "$(TARGET_NAME)";
				SWIFT_VERSION = 5.0;
				TARGETED_DEVICE_FAMILY = "1,2";
			};
			name = Release;
		};
		01F68CCB236AC89C003AA3AE /* Debug */ = {
			isa = XCBuildConfiguration;
			baseConfigurationReference = 2B58BE73000F8299B52E6385 /* Pods-MoviestaTests.debug.xcconfig */;
			buildSettings = {
				ALWAYS_EMBED_SWIFT_STANDARD_LIBRARIES = YES;
				BUNDLE_LOADER = "$(TEST_HOST)";
				CODE_SIGN_STYLE = Automatic;
				DEVELOPMENT_TEAM = AE8YM33757;
				INFOPLIST_FILE = MoviestaTests/Info.plist;
				IPHONEOS_DEPLOYMENT_TARGET = 13.1;
				LD_RUNPATH_SEARCH_PATHS = (
					"$(inherited)",
					"@executable_path/Frameworks",
					"@loader_path/Frameworks",
				);
				PRODUCT_BUNDLE_IDENTIFIER = com.techgrid.MoviestaTests;
				PRODUCT_NAME = "$(TARGET_NAME)";
				SWIFT_VERSION = 5.0;
				TARGETED_DEVICE_FAMILY = "1,2";
				TEST_HOST = "$(BUILT_PRODUCTS_DIR)/Moviesta.app/Moviesta";
			};
			name = Debug;
		};
		01F68CCC236AC89C003AA3AE /* Release */ = {
			isa = XCBuildConfiguration;
			baseConfigurationReference = 2987855F26631B310353DF4C /* Pods-MoviestaTests.release.xcconfig */;
			buildSettings = {
				ALWAYS_EMBED_SWIFT_STANDARD_LIBRARIES = YES;
				BUNDLE_LOADER = "$(TEST_HOST)";
				CODE_SIGN_STYLE = Automatic;
				DEVELOPMENT_TEAM = AE8YM33757;
				INFOPLIST_FILE = MoviestaTests/Info.plist;
				IPHONEOS_DEPLOYMENT_TARGET = 13.1;
				LD_RUNPATH_SEARCH_PATHS = (
					"$(inherited)",
					"@executable_path/Frameworks",
					"@loader_path/Frameworks",
				);
				PRODUCT_BUNDLE_IDENTIFIER = com.techgrid.MoviestaTests;
				PRODUCT_NAME = "$(TARGET_NAME)";
				SWIFT_VERSION = 5.0;
				TARGETED_DEVICE_FAMILY = "1,2";
				TEST_HOST = "$(BUILT_PRODUCTS_DIR)/Moviesta.app/Moviesta";
			};
			name = Release;
		};
		01F68CCE236AC89C003AA3AE /* Debug */ = {
			isa = XCBuildConfiguration;
			baseConfigurationReference = 4A121A35E8BF1DA2F28C8924 /* Pods-Moviesta-MoviestaUITests.debug.xcconfig */;
			buildSettings = {
				ALWAYS_EMBED_SWIFT_STANDARD_LIBRARIES = YES;
				CODE_SIGN_STYLE = Automatic;
				DEVELOPMENT_TEAM = AE8YM33757;
				INFOPLIST_FILE = MoviestaUITests/Info.plist;
				LD_RUNPATH_SEARCH_PATHS = (
					"$(inherited)",
					"@executable_path/Frameworks",
					"@loader_path/Frameworks",
				);
				PRODUCT_BUNDLE_IDENTIFIER = com.techgrid.MoviestaUITests;
				PRODUCT_NAME = "$(TARGET_NAME)";
				SWIFT_VERSION = 5.0;
				TARGETED_DEVICE_FAMILY = "1,2";
				TEST_TARGET_NAME = Moviesta;
			};
			name = Debug;
		};
		01F68CCF236AC89C003AA3AE /* Release */ = {
			isa = XCBuildConfiguration;
			baseConfigurationReference = 26C7C33D7FB3F10D6960ED87 /* Pods-Moviesta-MoviestaUITests.release.xcconfig */;
			buildSettings = {
				ALWAYS_EMBED_SWIFT_STANDARD_LIBRARIES = YES;
				CODE_SIGN_STYLE = Automatic;
				DEVELOPMENT_TEAM = AE8YM33757;
				INFOPLIST_FILE = MoviestaUITests/Info.plist;
				LD_RUNPATH_SEARCH_PATHS = (
					"$(inherited)",
					"@executable_path/Frameworks",
					"@loader_path/Frameworks",
				);
				PRODUCT_BUNDLE_IDENTIFIER = com.techgrid.MoviestaUITests;
				PRODUCT_NAME = "$(TARGET_NAME)";
				SWIFT_VERSION = 5.0;
				TARGETED_DEVICE_FAMILY = "1,2";
				TEST_TARGET_NAME = Moviesta;
			};
			name = Release;
		};
/* End XCBuildConfiguration section */

/* Begin XCConfigurationList section */
		01F68C95236AC89A003AA3AE /* Build configuration list for PBXProject "Moviesta" */ = {
			isa = XCConfigurationList;
			buildConfigurations = (
				01F68CC5236AC89C003AA3AE /* Debug */,
				01F68CC6236AC89C003AA3AE /* Release */,
			);
			defaultConfigurationIsVisible = 0;
			defaultConfigurationName = Release;
		};
		01F68CC7236AC89C003AA3AE /* Build configuration list for PBXNativeTarget "Moviesta" */ = {
			isa = XCConfigurationList;
			buildConfigurations = (
				01F68CC8236AC89C003AA3AE /* Debug */,
				01F68CC9236AC89C003AA3AE /* Release */,
			);
			defaultConfigurationIsVisible = 0;
			defaultConfigurationName = Release;
		};
		01F68CCA236AC89C003AA3AE /* Build configuration list for PBXNativeTarget "MoviestaTests" */ = {
			isa = XCConfigurationList;
			buildConfigurations = (
				01F68CCB236AC89C003AA3AE /* Debug */,
				01F68CCC236AC89C003AA3AE /* Release */,
			);
			defaultConfigurationIsVisible = 0;
			defaultConfigurationName = Release;
		};
		01F68CCD236AC89C003AA3AE /* Build configuration list for PBXNativeTarget "MoviestaUITests" */ = {
			isa = XCConfigurationList;
			buildConfigurations = (
				01F68CCE236AC89C003AA3AE /* Debug */,
				01F68CCF236AC89C003AA3AE /* Release */,
			);
			defaultConfigurationIsVisible = 0;
			defaultConfigurationName = Release;
		};
/* End XCConfigurationList section */

/* Begin XCVersionGroup section */
		01F68CA6236AC89A003AA3AE /* Moviesta.xcdatamodeld */ = {
			isa = XCVersionGroup;
			children = (
				01F68CA7236AC89A003AA3AE /* Moviesta.xcdatamodel */,
			);
			currentVersion = 01F68CA7236AC89A003AA3AE /* Moviesta.xcdatamodel */;
			path = Moviesta.xcdatamodeld;
			sourceTree = "<group>";
			versionGroupType = wrapper.xcdatamodel;
		};
/* End XCVersionGroup section */
	};
	rootObject = 01F68C92236AC89A003AA3AE /* Project object */;
}
